// !$*UTF8*$!
{
	archiveVersion = 1;
	classes = {
	};
	objectVersion = 48;
	objects = {

/* Begin PBXBuildFile section */
		C7A7F920D6760E4A01F63BE8 /* libPods-QuickHybridDemo.a in Frameworks */ = {isa = PBXBuildFile; fileRef = 2D09D2CB3DAA4E6C8392564B /* libPods-QuickHybridDemo.a */; };
		F105E795221E359D0098F520 /* QHJSNavigationViewController.m in Sources */ = {isa = PBXBuildFile; fileRef = F105E794221E359D0098F520 /* QHJSNavigationViewController.m */; };
		F1AB1787205763A300E66E46 /* quickhybrid in Resources */ = {isa = PBXBuildFile; fileRef = F1AB1786205763A300E66E46 /* quickhybrid */; };
		F1CA90DC2035C70100ECEA1E /* QHJSAuthApi.m in Sources */ = {isa = PBXBuildFile; fileRef = F1CA90B92035C70100ECEA1E /* QHJSAuthApi.m */; };
		F1CA90DD2035C70100ECEA1E /* QHJSDeviceApi.m in Sources */ = {isa = PBXBuildFile; fileRef = F1CA90BB2035C70100ECEA1E /* QHJSDeviceApi.m */; };
		F1CA90DE2035C70100ECEA1E /* QHJSNavigatorApi.m in Sources */ = {isa = PBXBuildFile; fileRef = F1CA90BD2035C70100ECEA1E /* QHJSNavigatorApi.m */; };
		F1CA90DF2035C70100ECEA1E /* QHJSPageApi.m in Sources */ = {isa = PBXBuildFile; fileRef = F1CA90BF2035C70100ECEA1E /* QHJSPageApi.m */; };
		F1CA90E02035C70100ECEA1E /* QHJSRegisterBaseClass.m in Sources */ = {isa = PBXBuildFile; fileRef = F1CA90C12035C70100ECEA1E /* QHJSRegisterBaseClass.m */; };
		F1CA90E12035C70100ECEA1E /* QHJSRuntimeApi.m in Sources */ = {isa = PBXBuildFile; fileRef = F1CA90C32035C70100ECEA1E /* QHJSRuntimeApi.m */; };
		F1CA90E22035C70100ECEA1E /* QHJSUIApi.m in Sources */ = {isa = PBXBuildFile; fileRef = F1CA90C52035C70100ECEA1E /* QHJSUIApi.m */; };
		F1CA90E32035C70100ECEA1E /* QHJSModules.plist in Resources */ = {isa = PBXBuildFile; fileRef = F1CA90C62035C70100ECEA1E /* QHJSModules.plist */; };
		F1CA90E42035C70100ECEA1E /* QHJSBaseModalViewController.m in Sources */ = {isa = PBXBuildFile; fileRef = F1CA90CA2035C70100ECEA1E /* QHJSBaseModalViewController.m */; };
		F1CA90E52035C70100ECEA1E /* QHJSDatePickViewController.m in Sources */ = {isa = PBXBuildFile; fileRef = F1CA90CC2035C70100ECEA1E /* QHJSDatePickViewController.m */; };
		F1CA90E62035C70100ECEA1E /* QHJSToast.m in Sources */ = {isa = PBXBuildFile; fileRef = F1CA90CE2035C70100ECEA1E /* QHJSToast.m */; };
		F1CA90E72035C70100ECEA1E /* QHJSBaseViewController.m in Sources */ = {isa = PBXBuildFile; fileRef = F1CA90D12035C70100ECEA1E /* QHJSBaseViewController.m */; };
		F1CA90E82035C70100ECEA1E /* QHJSBaseWebLoader.m in Sources */ = {isa = PBXBuildFile; fileRef = F1CA90D32035C70100ECEA1E /* QHJSBaseWebLoader.m */; };
		F1CA90E92035C70100ECEA1E /* QHJSInfo.m in Sources */ = {isa = PBXBuildFile; fileRef = F1CA90D62035C70100ECEA1E /* QHJSInfo.m */; };
		F1CA90EA2035C70100ECEA1E /* WebViewJavascriptBridgeBase.m in Sources */ = {isa = PBXBuildFile; fileRef = F1CA90D92035C70100ECEA1E /* WebViewJavascriptBridgeBase.m */; };
		F1CA90EB2035C70100ECEA1E /* WKWebViewJavascriptBridge.m in Sources */ = {isa = PBXBuildFile; fileRef = F1CA90DB2035C70100ECEA1E /* WKWebViewJavascriptBridge.m */; };
		F1CA90EF2035CA5F00ECEA1E /* qhjs_naviback@2x.png in Resources */ = {isa = PBXBuildFile; fileRef = F1CA90EE2035CA5F00ECEA1E /* qhjs_naviback@2x.png */; };
		F1CA90F22035CC8E00ECEA1E /* QHJSNaviTitleView.m in Sources */ = {isa = PBXBuildFile; fileRef = F1CA90F12035CC8E00ECEA1E /* QHJSNaviTitleView.m */; };
		F1CA90F42035D09200ECEA1E /* qhjs_downarrow@2x.png in Resources */ = {isa = PBXBuildFile; fileRef = F1CA90F32035D09200ECEA1E /* qhjs_downarrow@2x.png */; };
		F1CA90F72035D6BC00ECEA1E /* QHJSNaviSegmentView.m in Sources */ = {isa = PBXBuildFile; fileRef = F1CA90F62035D6BC00ECEA1E /* QHJSNaviSegmentView.m */; };
		F1EA0BD5203168DA0086BC44 /* AppDelegate.m in Sources */ = {isa = PBXBuildFile; fileRef = F1EA0BD4203168DA0086BC44 /* AppDelegate.m */; };
		F1EA0BDD203168DA0086BC44 /* Assets.xcassets in Resources */ = {isa = PBXBuildFile; fileRef = F1EA0BDC203168DA0086BC44 /* Assets.xcassets */; };
		F1EA0BE0203168DA0086BC44 /* LaunchScreen.storyboard in Resources */ = {isa = PBXBuildFile; fileRef = F1EA0BDE203168DA0086BC44 /* LaunchScreen.storyboard */; };
		F1EA0BE3203168DA0086BC44 /* main.m in Sources */ = {isa = PBXBuildFile; fileRef = F1EA0BE2203168DA0086BC44 /* main.m */; };
		F1EA0C1A20316AA50086BC44 /* MainViewController.xib in Resources */ = {isa = PBXBuildFile; fileRef = F1EA0C1720316AA50086BC44 /* MainViewController.xib */; };
		F1EA0C1B20316AA50086BC44 /* MainViewController.m in Sources */ = {isa = PBXBuildFile; fileRef = F1EA0C1820316AA50086BC44 /* MainViewController.m */; };
		F1EA0C2120316AD40086BC44 /* HelloViewController.xib in Resources */ = {isa = PBXBuildFile; fileRef = F1EA0C1C20316AD30086BC44 /* HelloViewController.xib */; };
		F1EA0C2220316AD40086BC44 /* HelloViewController.m in Sources */ = {isa = PBXBuildFile; fileRef = F1EA0C1D20316AD30086BC44 /* HelloViewController.m */; };
		F1EA0C2320316AD40086BC44 /* TestPayApi.m in Sources */ = {isa = PBXBuildFile; fileRef = F1EA0C2020316AD40086BC44 /* TestPayApi.m */; };
/* End PBXBuildFile section */

/* Begin PBXFileReference section */
		2D09D2CB3DAA4E6C8392564B /* libPods-QuickHybridDemo.a */ = {isa = PBXFileReference; explicitFileType = archive.ar; includeInIndex = 0; path = "libPods-QuickHybridDemo.a"; sourceTree = BUILT_PRODUCTS_DIR; };
		566611FD103C8EE828F9BCC8 /* Pods-QuickHybridDemo.release.xcconfig */ = {isa = PBXFileReference; includeInIndex = 1; lastKnownFileType = text.xcconfig; name = "Pods-QuickHybridDemo.release.xcconfig"; path = "Pods/Target Support Files/Pods-QuickHybridDemo/Pods-QuickHybridDemo.release.xcconfig"; sourceTree = "<group>"; };
		8FF1BC0799E08ACD8EB1B6F3 /* Pods-QuickHybridDemo.debug.xcconfig */ = {isa = PBXFileReference; includeInIndex = 1; lastKnownFileType = text.xcconfig; name = "Pods-QuickHybridDemo.debug.xcconfig"; path = "Pods/Target Support Files/Pods-QuickHybridDemo/Pods-QuickHybridDemo.debug.xcconfig"; sourceTree = "<group>"; };
		F105E793221E359D0098F520 /* QHJSNavigationViewController.h */ = {isa = PBXFileReference; lastKnownFileType = sourcecode.c.h; path = QHJSNavigationViewController.h; sourceTree = "<group>"; };
		F105E794221E359D0098F520 /* QHJSNavigationViewController.m */ = {isa = PBXFileReference; lastKnownFileType = sourcecode.c.objc; path = QHJSNavigationViewController.m; sourceTree = "<group>"; };
		F1AB1786205763A300E66E46 /* quickhybrid */ = {isa = PBXFileReference; lastKnownFileType = folder; path = quickhybrid; sourceTree = "<group>"; };
		F1B43140221D551C00C30945 /* QuickHybridDemo.pch */ = {isa = PBXFileReference; lastKnownFileType = sourcecode.c.h; path = QuickHybridDemo.pch; sourceTree = "<group>"; };
		F1CA90B82035C70100ECEA1E /* QHJSAuthApi.h */ = {isa = PBXFileReference; fileEncoding = 4; lastKnownFileType = sourcecode.c.h; path = QHJSAuthApi.h; sourceTree = "<group>"; };
		F1CA90B92035C70100ECEA1E /* QHJSAuthApi.m */ = {isa = PBXFileReference; fileEncoding = 4; lastKnownFileType = sourcecode.c.objc; path = QHJSAuthApi.m; sourceTree = "<group>"; };
		F1CA90BA2035C70100ECEA1E /* QHJSDeviceApi.h */ = {isa = PBXFileReference; fileEncoding = 4; lastKnownFileType = sourcecode.c.h; path = QHJSDeviceApi.h; sourceTree = "<group>"; };
		F1CA90BB2035C70100ECEA1E /* QHJSDeviceApi.m */ = {isa = PBXFileReference; fileEncoding = 4; lastKnownFileType = sourcecode.c.objc; path = QHJSDeviceApi.m; sourceTree = "<group>"; };
		F1CA90BC2035C70100ECEA1E /* QHJSNavigatorApi.h */ = {isa = PBXFileReference; fileEncoding = 4; lastKnownFileType = sourcecode.c.h; path = QHJSNavigatorApi.h; sourceTree = "<group>"; };
		F1CA90BD2035C70100ECEA1E /* QHJSNavigatorApi.m */ = {isa = PBXFileReference; fileEncoding = 4; lastKnownFileType = sourcecode.c.objc; path = QHJSNavigatorApi.m; sourceTree = "<group>"; };
		F1CA90BE2035C70100ECEA1E /* QHJSPageApi.h */ = {isa = PBXFileReference; fileEncoding = 4; lastKnownFileType = sourcecode.c.h; path = QHJSPageApi.h; sourceTree = "<group>"; };
		F1CA90BF2035C70100ECEA1E /* QHJSPageApi.m */ = {isa = PBXFileReference; fileEncoding = 4; lastKnownFileType = sourcecode.c.objc; path = QHJSPageApi.m; sourceTree = "<group>"; };
		F1CA90C02035C70100ECEA1E /* QHJSRegisterBaseClass.h */ = {isa = PBXFileReference; fileEncoding = 4; lastKnownFileType = sourcecode.c.h; path = QHJSRegisterBaseClass.h; sourceTree = "<group>"; };
		F1CA90C12035C70100ECEA1E /* QHJSRegisterBaseClass.m */ = {isa = PBXFileReference; fileEncoding = 4; lastKnownFileType = sourcecode.c.objc; path = QHJSRegisterBaseClass.m; sourceTree = "<group>"; };
		F1CA90C22035C70100ECEA1E /* QHJSRuntimeApi.h */ = {isa = PBXFileReference; fileEncoding = 4; lastKnownFileType = sourcecode.c.h; path = QHJSRuntimeApi.h; sourceTree = "<group>"; };
		F1CA90C32035C70100ECEA1E /* QHJSRuntimeApi.m */ = {isa = PBXFileReference; fileEncoding = 4; lastKnownFileType = sourcecode.c.objc; path = QHJSRuntimeApi.m; sourceTree = "<group>"; };
		F1CA90C42035C70100ECEA1E /* QHJSUIApi.h */ = {isa = PBXFileReference; fileEncoding = 4; lastKnownFileType = sourcecode.c.h; path = QHJSUIApi.h; sourceTree = "<group>"; };
		F1CA90C52035C70100ECEA1E /* QHJSUIApi.m */ = {isa = PBXFileReference; fileEncoding = 4; lastKnownFileType = sourcecode.c.objc; path = QHJSUIApi.m; sourceTree = "<group>"; };
		F1CA90C62035C70100ECEA1E /* QHJSModules.plist */ = {isa = PBXFileReference; fileEncoding = 4; lastKnownFileType = text.plist.xml; path = QHJSModules.plist; sourceTree = "<group>"; };
		F1CA90C92035C70100ECEA1E /* QHJSBaseModalViewController.h */ = {isa = PBXFileReference; fileEncoding = 4; lastKnownFileType = sourcecode.c.h; path = QHJSBaseModalViewController.h; sourceTree = "<group>"; };
		F1CA90CA2035C70100ECEA1E /* QHJSBaseModalViewController.m */ = {isa = PBXFileReference; fileEncoding = 4; lastKnownFileType = sourcecode.c.objc; path = QHJSBaseModalViewController.m; sourceTree = "<group>"; };
		F1CA90CB2035C70100ECEA1E /* QHJSDatePickViewController.h */ = {isa = PBXFileReference; fileEncoding = 4; lastKnownFileType = sourcecode.c.h; path = QHJSDatePickViewController.h; sourceTree = "<group>"; };
		F1CA90CC2035C70100ECEA1E /* QHJSDatePickViewController.m */ = {isa = PBXFileReference; fileEncoding = 4; lastKnownFileType = sourcecode.c.objc; path = QHJSDatePickViewController.m; sourceTree = "<group>"; };
		F1CA90CD2035C70100ECEA1E /* QHJSToast.h */ = {isa = PBXFileReference; fileEncoding = 4; lastKnownFileType = sourcecode.c.h; path = QHJSToast.h; sourceTree = "<group>"; };
		F1CA90CE2035C70100ECEA1E /* QHJSToast.m */ = {isa = PBXFileReference; fileEncoding = 4; lastKnownFileType = sourcecode.c.objc; path = QHJSToast.m; sourceTree = "<group>"; };
		F1CA90D02035C70100ECEA1E /* QHJSBaseViewController.h */ = {isa = PBXFileReference; fileEncoding = 4; lastKnownFileType = sourcecode.c.h; path = QHJSBaseViewController.h; sourceTree = "<group>"; };
		F1CA90D12035C70100ECEA1E /* QHJSBaseViewController.m */ = {isa = PBXFileReference; fileEncoding = 4; lastKnownFileType = sourcecode.c.objc; path = QHJSBaseViewController.m; sourceTree = "<group>"; };
		F1CA90D22035C70100ECEA1E /* QHJSBaseWebLoader.h */ = {isa = PBXFileReference; fileEncoding = 4; lastKnownFileType = sourcecode.c.h; path = QHJSBaseWebLoader.h; sourceTree = "<group>"; };
		F1CA90D32035C70100ECEA1E /* QHJSBaseWebLoader.m */ = {isa = PBXFileReference; fileEncoding = 4; lastKnownFileType = sourcecode.c.objc; path = QHJSBaseWebLoader.m; sourceTree = "<group>"; };
		F1CA90D52035C70100ECEA1E /* QHJSInfo.h */ = {isa = PBXFileReference; fileEncoding = 4; lastKnownFileType = sourcecode.c.h; path = QHJSInfo.h; sourceTree = "<group>"; };
		F1CA90D62035C70100ECEA1E /* QHJSInfo.m */ = {isa = PBXFileReference; fileEncoding = 4; lastKnownFileType = sourcecode.c.objc; path = QHJSInfo.m; sourceTree = "<group>"; };
		F1CA90D82035C70100ECEA1E /* WebViewJavascriptBridgeBase.h */ = {isa = PBXFileReference; fileEncoding = 4; lastKnownFileType = sourcecode.c.h; path = WebViewJavascriptBridgeBase.h; sourceTree = "<group>"; };
		F1CA90D92035C70100ECEA1E /* WebViewJavascriptBridgeBase.m */ = {isa = PBXFileReference; fileEncoding = 4; lastKnownFileType = sourcecode.c.objc; path = WebViewJavascriptBridgeBase.m; sourceTree = "<group>"; };
		F1CA90DA2035C70100ECEA1E /* WKWebViewJavascriptBridge.h */ = {isa = PBXFileReference; fileEncoding = 4; lastKnownFileType = sourcecode.c.h; path = WKWebViewJavascriptBridge.h; sourceTree = "<group>"; };
		F1CA90DB2035C70100ECEA1E /* WKWebViewJavascriptBridge.m */ = {isa = PBXFileReference; fileEncoding = 4; lastKnownFileType = sourcecode.c.objc; path = WKWebViewJavascriptBridge.m; sourceTree = "<group>"; };
		F1CA90EE2035CA5F00ECEA1E /* qhjs_naviback@2x.png */ = {isa = PBXFileReference; lastKnownFileType = image.png; path = "qhjs_naviback@2x.png"; sourceTree = "<group>"; };
		F1CA90F02035CC8E00ECEA1E /* QHJSNaviTitleView.h */ = {isa = PBXFileReference; lastKnownFileType = sourcecode.c.h; path = QHJSNaviTitleView.h; sourceTree = "<group>"; };
		F1CA90F12035CC8E00ECEA1E /* QHJSNaviTitleView.m */ = {isa = PBXFileReference; lastKnownFileType = sourcecode.c.objc; path = QHJSNaviTitleView.m; sourceTree = "<group>"; };
		F1CA90F32035D09200ECEA1E /* qhjs_downarrow@2x.png */ = {isa = PBXFileReference; lastKnownFileType = image.png; path = "qhjs_downarrow@2x.png"; sourceTree = "<group>"; };
		F1CA90F52035D6BC00ECEA1E /* QHJSNaviSegmentView.h */ = {isa = PBXFileReference; lastKnownFileType = sourcecode.c.h; path = QHJSNaviSegmentView.h; sourceTree = "<group>"; };
		F1CA90F62035D6BC00ECEA1E /* QHJSNaviSegmentView.m */ = {isa = PBXFileReference; lastKnownFileType = sourcecode.c.objc; path = QHJSNaviSegmentView.m; sourceTree = "<group>"; };
		F1EA0BD0203168DA0086BC44 /* QuickHybridDemo.app */ = {isa = PBXFileReference; explicitFileType = wrapper.application; includeInIndex = 0; path = QuickHybridDemo.app; sourceTree = BUILT_PRODUCTS_DIR; };
		F1EA0BD3203168DA0086BC44 /* AppDelegate.h */ = {isa = PBXFileReference; lastKnownFileType = sourcecode.c.h; path = AppDelegate.h; sourceTree = "<group>"; };
		F1EA0BD4203168DA0086BC44 /* AppDelegate.m */ = {isa = PBXFileReference; lastKnownFileType = sourcecode.c.objc; path = AppDelegate.m; sourceTree = "<group>"; };
		F1EA0BDC203168DA0086BC44 /* Assets.xcassets */ = {isa = PBXFileReference; lastKnownFileType = folder.assetcatalog; path = Assets.xcassets; sourceTree = "<group>"; };
		F1EA0BDF203168DA0086BC44 /* Base */ = {isa = PBXFileReference; lastKnownFileType = file.storyboard; name = Base; path = Base.lproj/LaunchScreen.storyboard; sourceTree = "<group>"; };
		F1EA0BE1203168DA0086BC44 /* Info.plist */ = {isa = PBXFileReference; lastKnownFileType = text.plist.xml; path = Info.plist; sourceTree = "<group>"; };
		F1EA0BE2203168DA0086BC44 /* main.m */ = {isa = PBXFileReference; lastKnownFileType = sourcecode.c.objc; path = main.m; sourceTree = "<group>"; };
		F1EA0C1720316AA50086BC44 /* MainViewController.xib */ = {isa = PBXFileReference; fileEncoding = 4; lastKnownFileType = file.xib; path = MainViewController.xib; sourceTree = "<group>"; };
		F1EA0C1820316AA50086BC44 /* MainViewController.m */ = {isa = PBXFileReference; fileEncoding = 4; lastKnownFileType = sourcecode.c.objc; path = MainViewController.m; sourceTree = "<group>"; };
		F1EA0C1920316AA50086BC44 /* MainViewController.h */ = {isa = PBXFileReference; fileEncoding = 4; lastKnownFileType = sourcecode.c.h; path = MainViewController.h; sourceTree = "<group>"; };
		F1EA0C1C20316AD30086BC44 /* HelloViewController.xib */ = {isa = PBXFileReference; fileEncoding = 4; lastKnownFileType = file.xib; path = HelloViewController.xib; sourceTree = "<group>"; };
		F1EA0C1D20316AD30086BC44 /* HelloViewController.m */ = {isa = PBXFileReference; fileEncoding = 4; lastKnownFileType = sourcecode.c.objc; path = HelloViewController.m; sourceTree = "<group>"; };
		F1EA0C1E20316AD40086BC44 /* TestPayApi.h */ = {isa = PBXFileReference; fileEncoding = 4; lastKnownFileType = sourcecode.c.h; path = TestPayApi.h; sourceTree = "<group>"; };
		F1EA0C1F20316AD40086BC44 /* HelloViewController.h */ = {isa = PBXFileReference; fileEncoding = 4; lastKnownFileType = sourcecode.c.h; path = HelloViewController.h; sourceTree = "<group>"; };
		F1EA0C2020316AD40086BC44 /* TestPayApi.m */ = {isa = PBXFileReference; fileEncoding = 4; lastKnownFileType = sourcecode.c.objc; path = TestPayApi.m; sourceTree = "<group>"; };
/* End PBXFileReference section */

/* Begin PBXFrameworksBuildPhase section */
		F1EA0BCD203168DA0086BC44 /* Frameworks */ = {
			isa = PBXFrameworksBuildPhase;
			buildActionMask = 2147483647;
			files = (
				C7A7F920D6760E4A01F63BE8 /* libPods-QuickHybridDemo.a in Frameworks */,
			);
			runOnlyForDeploymentPostprocessing = 0;
		};
/* End PBXFrameworksBuildPhase section */

/* Begin PBXGroup section */
		2AD4D381CC43B72CDC2924E3 /* Frameworks */ = {
			isa = PBXGroup;
			children = (
				2D09D2CB3DAA4E6C8392564B /* libPods-QuickHybridDemo.a */,
			);
			name = Frameworks;
			sourceTree = "<group>";
		};
		89CA787E6E011E08736DBBA3 /* Pods */ = {
			isa = PBXGroup;
			children = (
				8FF1BC0799E08ACD8EB1B6F3 /* Pods-QuickHybridDemo.debug.xcconfig */,
				566611FD103C8EE828F9BCC8 /* Pods-QuickHybridDemo.release.xcconfig */,
			);
			name = Pods;
			sourceTree = "<group>";
		};
		F1CA90B62035C70100ECEA1E /* QuickHybird */ = {
			isa = PBXGroup;
			children = (
				F1CA90C62035C70100ECEA1E /* QHJSModules.plist */,
				F1CA90C72035C70100ECEA1E /* QHJSRes */,
				F1CA90D42035C70100ECEA1E /* QuickHybridUtils */,
				F1CA90CF2035C70100ECEA1E /* QuickHybridCore */,
				F1CA90C82035C70100ECEA1E /* QuickHybridComponents */,
				F1CA90B72035C70100ECEA1E /* QHJSFrameAPI */,
				F1CA90D72035C70100ECEA1E /* WebViewJavascriptBridge */,
			);
			path = QuickHybird;
			sourceTree = "<group>";
		};
		F1CA90B72035C70100ECEA1E /* QHJSFrameAPI */ = {
			isa = PBXGroup;
			children = (
				F1CA90C02035C70100ECEA1E /* QHJSRegisterBaseClass.h */,
				F1CA90C12035C70100ECEA1E /* QHJSRegisterBaseClass.m */,
				F1CA90BE2035C70100ECEA1E /* QHJSPageApi.h */,
				F1CA90BF2035C70100ECEA1E /* QHJSPageApi.m */,
				F1CA90C42035C70100ECEA1E /* QHJSUIApi.h */,
				F1CA90C52035C70100ECEA1E /* QHJSUIApi.m */,
				F1CA90BC2035C70100ECEA1E /* QHJSNavigatorApi.h */,
				F1CA90BD2035C70100ECEA1E /* QHJSNavigatorApi.m */,
				F1CA90B82035C70100ECEA1E /* QHJSAuthApi.h */,
				F1CA90B92035C70100ECEA1E /* QHJSAuthApi.m */,
				F1CA90BA2035C70100ECEA1E /* QHJSDeviceApi.h */,
				F1CA90BB2035C70100ECEA1E /* QHJSDeviceApi.m */,
				F1CA90C22035C70100ECEA1E /* QHJSRuntimeApi.h */,
				F1CA90C32035C70100ECEA1E /* QHJSRuntimeApi.m */,
			);
			path = QHJSFrameAPI;
			sourceTree = "<group>";
		};
		F1CA90C72035C70100ECEA1E /* QHJSRes */ = {
			isa = PBXGroup;
			children = (
				F1CA90EE2035CA5F00ECEA1E /* qhjs_naviback@2x.png */,
				F1CA90F32035D09200ECEA1E /* qhjs_downarrow@2x.png */,
			);
			path = QHJSRes;
			sourceTree = "<group>";
		};
		F1CA90C82035C70100ECEA1E /* QuickHybridComponents */ = {
			isa = PBXGroup;
			children = (
				F1CA90CD2035C70100ECEA1E /* QHJSToast.h */,
				F1CA90CE2035C70100ECEA1E /* QHJSToast.m */,
				F1CA90C92035C70100ECEA1E /* QHJSBaseModalViewController.h */,
				F1CA90CA2035C70100ECEA1E /* QHJSBaseModalViewController.m */,
				F1CA90CB2035C70100ECEA1E /* QHJSDatePickViewController.h */,
				F1CA90CC2035C70100ECEA1E /* QHJSDatePickViewController.m */,
				F1CA90F02035CC8E00ECEA1E /* QHJSNaviTitleView.h */,
				F1CA90F12035CC8E00ECEA1E /* QHJSNaviTitleView.m */,
				F1CA90F52035D6BC00ECEA1E /* QHJSNaviSegmentView.h */,
				F1CA90F62035D6BC00ECEA1E /* QHJSNaviSegmentView.m */,
			);
			path = QuickHybridComponents;
			sourceTree = "<group>";
		};
		F1CA90CF2035C70100ECEA1E /* QuickHybridCore */ = {
			isa = PBXGroup;
			children = (
				F105E793221E359D0098F520 /* QHJSNavigationViewController.h */,
				F105E794221E359D0098F520 /* QHJSNavigationViewController.m */,
				F1CA90D02035C70100ECEA1E /* QHJSBaseViewController.h */,
				F1CA90D12035C70100ECEA1E /* QHJSBaseViewController.m */,
				F1CA90D22035C70100ECEA1E /* QHJSBaseWebLoader.h */,
				F1CA90D32035C70100ECEA1E /* QHJSBaseWebLoader.m */,
			);
			path = QuickHybridCore;
			sourceTree = "<group>";
		};
		F1CA90D42035C70100ECEA1E /* QuickHybridUtils */ = {
			isa = PBXGroup;
			children = (
				F1CA90D52035C70100ECEA1E /* QHJSInfo.h */,
				F1CA90D62035C70100ECEA1E /* QHJSInfo.m */,
			);
			path = QuickHybridUtils;
			sourceTree = "<group>";
		};
		F1CA90D72035C70100ECEA1E /* WebViewJavascriptBridge */ = {
			isa = PBXGroup;
			children = (
				F1CA90D82035C70100ECEA1E /* WebViewJavascriptBridgeBase.h */,
				F1CA90D92035C70100ECEA1E /* WebViewJavascriptBridgeBase.m */,
				F1CA90DA2035C70100ECEA1E /* WKWebViewJavascriptBridge.h */,
				F1CA90DB2035C70100ECEA1E /* WKWebViewJavascriptBridge.m */,
			);
			path = WebViewJavascriptBridge;
			sourceTree = "<group>";
		};
		F1EA0BC7203168DA0086BC44 = {
			isa = PBXGroup;
			children = (
				F1EA0BD2203168DA0086BC44 /* QuickHybridDemo */,
				F1EA0BD1203168DA0086BC44 /* Products */,
				89CA787E6E011E08736DBBA3 /* Pods */,
				2AD4D381CC43B72CDC2924E3 /* Frameworks */,
			);
			sourceTree = "<group>";
		};
		F1EA0BD1203168DA0086BC44 /* Products */ = {
			isa = PBXGroup;
			children = (
				F1EA0BD0203168DA0086BC44 /* QuickHybridDemo.app */,
			);
			name = Products;
			sourceTree = "<group>";
		};
		F1EA0BD2203168DA0086BC44 /* QuickHybridDemo */ = {
			isa = PBXGroup;
			children = (
				F1AB1786205763A300E66E46 /* quickhybrid */,
				F1CA90B62035C70100ECEA1E /* QuickHybird */,
				F1EA0C1920316AA50086BC44 /* MainViewController.h */,
				F1EA0C1820316AA50086BC44 /* MainViewController.m */,
				F1EA0C1720316AA50086BC44 /* MainViewController.xib */,
				F1EA0C1E20316AD40086BC44 /* TestPayApi.h */,
				F1EA0C2020316AD40086BC44 /* TestPayApi.m */,
				F1EA0C1F20316AD40086BC44 /* HelloViewController.h */,
				F1EA0C1D20316AD30086BC44 /* HelloViewController.m */,
				F1EA0C1C20316AD30086BC44 /* HelloViewController.xib */,
				F1EA0BD3203168DA0086BC44 /* AppDelegate.h */,
				F1EA0BD4203168DA0086BC44 /* AppDelegate.m */,
				F1EA0BDC203168DA0086BC44 /* Assets.xcassets */,
				F1EA0BDE203168DA0086BC44 /* LaunchScreen.storyboard */,
				F1B43140221D551C00C30945 /* QuickHybridDemo.pch */,
				F1EA0BE1203168DA0086BC44 /* Info.plist */,
				F1EA0BE2203168DA0086BC44 /* main.m */,
			);
			path = QuickHybridDemo;
			sourceTree = "<group>";
		};
/* End PBXGroup section */

/* Begin PBXNativeTarget section */
		F1EA0BCF203168DA0086BC44 /* QuickHybridDemo */ = {
			isa = PBXNativeTarget;
			buildConfigurationList = F1EA0BE6203168DA0086BC44 /* Build configuration list for PBXNativeTarget "QuickHybridDemo" */;
			buildPhases = (
				1076E5E3DBD46E6A8DA8B31C /* [CP] Check Pods Manifest.lock */,
				F1EA0BCC203168DA0086BC44 /* Sources */,
				F1EA0BCD203168DA0086BC44 /* Frameworks */,
				F1EA0BCE203168DA0086BC44 /* Resources */,
				7780662122B2FCE293739366 /* [CP] Embed Pods Frameworks */,
				84BFF629207FDFE44654A4DA /* [CP] Copy Pods Resources */,
			);
			buildRules = (
			);
			dependencies = (
			);
			name = QuickHybridDemo;
			productName = QuickHybridDemo;
			productReference = F1EA0BD0203168DA0086BC44 /* QuickHybridDemo.app */;
			productType = "com.apple.product-type.application";
		};
/* End PBXNativeTarget section */

/* Begin PBXProject section */
		F1EA0BC8203168DA0086BC44 /* Project object */ = {
			isa = PBXProject;
			attributes = {
				CLASSPREFIX = QHJS;
				LastUpgradeCheck = 0920;
				ORGANIZATIONNAME = com.quickhybrid;
				TargetAttributes = {
					F1EA0BCF203168DA0086BC44 = {
						CreatedOnToolsVersion = 9.2;
						ProvisioningStyle = Automatic;
					};
				};
			};
			buildConfigurationList = F1EA0BCB203168DA0086BC44 /* Build configuration list for PBXProject "QuickHybridDemo" */;
			compatibilityVersion = "Xcode 8.0";
			developmentRegion = en;
			hasScannedForEncodings = 0;
			knownRegions = (
				en,
				Base,
			);
			mainGroup = F1EA0BC7203168DA0086BC44;
			productRefGroup = F1EA0BD1203168DA0086BC44 /* Products */;
			projectDirPath = "";
			projectRoot = "";
			targets = (
				F1EA0BCF203168DA0086BC44 /* QuickHybridDemo */,
			);
		};
/* End PBXProject section */

/* Begin PBXResourcesBuildPhase section */
		F1EA0BCE203168DA0086BC44 /* Resources */ = {
			isa = PBXResourcesBuildPhase;
			buildActionMask = 2147483647;
			files = (
				F1EA0BE0203168DA0086BC44 /* LaunchScreen.storyboard in Resources */,
				F1EA0BDD203168DA0086BC44 /* Assets.xcassets in Resources */,
				F1AB1787205763A300E66E46 /* quickhybrid in Resources */,
				F1CA90F42035D09200ECEA1E /* qhjs_downarrow@2x.png in Resources */,
				F1EA0C1A20316AA50086BC44 /* MainViewController.xib in Resources */,
				F1EA0C2120316AD40086BC44 /* HelloViewController.xib in Resources */,
				F1CA90EF2035CA5F00ECEA1E /* qhjs_naviback@2x.png in Resources */,
				F1CA90E32035C70100ECEA1E /* QHJSModules.plist in Resources */,
			);
			runOnlyForDeploymentPostprocessing = 0;
		};
/* End PBXResourcesBuildPhase section */

/* Begin PBXShellScriptBuildPhase section */
		1076E5E3DBD46E6A8DA8B31C /* [CP] Check Pods Manifest.lock */ = {
			isa = PBXShellScriptBuildPhase;
			buildActionMask = 2147483647;
			files = (
			);
			inputPaths = (
				"${PODS_PODFILE_DIR_PATH}/Podfile.lock",
				"${PODS_ROOT}/Manifest.lock",
			);
			name = "[CP] Check Pods Manifest.lock";
			outputPaths = (
				"$(DERIVED_FILE_DIR)/Pods-QuickHybridDemo-checkManifestLockResult.txt",
			);
			runOnlyForDeploymentPostprocessing = 0;
			shellPath = /bin/sh;
			shellScript = "diff \"${PODS_PODFILE_DIR_PATH}/Podfile.lock\" \"${PODS_ROOT}/Manifest.lock\" > /dev/null\nif [ $? != 0 ] ; then\n    # print error to STDERR\n    echo \"error: The sandbox is not in sync with the Podfile.lock. Run 'pod install' or update your CocoaPods installation.\" >&2\n    exit 1\nfi\n# This output is used by Xcode 'outputs' to avoid re-running this script phase.\necho \"SUCCESS\" > \"${SCRIPT_OUTPUT_FILE_0}\"\n";
			showEnvVarsInLog = 0;
		};
		7780662122B2FCE293739366 /* [CP] Embed Pods Frameworks */ = {
			isa = PBXShellScriptBuildPhase;
			buildActionMask = 2147483647;
			files = (
			);
			inputPaths = (
			);
			name = "[CP] Embed Pods Frameworks";
			outputPaths = (
			);
			runOnlyForDeploymentPostprocessing = 0;
			shellPath = /bin/sh;
			shellScript = "\"${SRCROOT}/Pods/Target Support Files/Pods-QuickHybridDemo/Pods-QuickHybridDemo-frameworks.sh\"\n";
			showEnvVarsInLog = 0;
		};
		84BFF629207FDFE44654A4DA /* [CP] Copy Pods Resources */ = {
			isa = PBXShellScriptBuildPhase;
			buildActionMask = 2147483647;
			files = (
			);
			inputPaths = (
				"${SRCROOT}/Pods/Target Support Files/Pods-QuickHybridDemo/Pods-QuickHybridDemo-resources.sh",
				"${PODS_ROOT}/WSProgressHUD/WSProgressHUD/WSProgressBundle.bundle",
			);
			name = "[CP] Copy Pods Resources";
			outputPaths = (
				"${TARGET_BUILD_DIR}/${UNLOCALIZED_RESOURCES_FOLDER_PATH}/WSProgressBundle.bundle",
			);
			runOnlyForDeploymentPostprocessing = 0;
			shellPath = /bin/sh;
			shellScript = "\"${SRCROOT}/Pods/Target Support Files/Pods-QuickHybridDemo/Pods-QuickHybridDemo-resources.sh\"\n";
			showEnvVarsInLog = 0;
		};
/* End PBXShellScriptBuildPhase section */

/* Begin PBXSourcesBuildPhase section */
		F1EA0BCC203168DA0086BC44 /* Sources */ = {
			isa = PBXSourcesBuildPhase;
			buildActionMask = 2147483647;
			files = (
				F1CA90F72035D6BC00ECEA1E /* QHJSNaviSegmentView.m in Sources */,
				F1CA90E22035C70100ECEA1E /* QHJSUIApi.m in Sources */,
				F1CA90EB2035C70100ECEA1E /* WKWebViewJavascriptBridge.m in Sources */,
				F1CA90DE2035C70100ECEA1E /* QHJSNavigatorApi.m in Sources */,
				F1CA90DC2035C70100ECEA1E /* QHJSAuthApi.m in Sources */,
				F1CA90E72035C70100ECEA1E /* QHJSBaseViewController.m in Sources */,
				F1EA0C2220316AD40086BC44 /* HelloViewController.m in Sources */,
				F1EA0BE3203168DA0086BC44 /* main.m in Sources */,
				F1EA0BD5203168DA0086BC44 /* AppDelegate.m in Sources */,
				F1CA90E62035C70100ECEA1E /* QHJSToast.m in Sources */,
				F1CA90E12035C70100ECEA1E /* QHJSRuntimeApi.m in Sources */,
				F1CA90DD2035C70100ECEA1E /* QHJSDeviceApi.m in Sources */,
				F1CA90E02035C70100ECEA1E /* QHJSRegisterBaseClass.m in Sources */,
				F105E795221E359D0098F520 /* QHJSNavigationViewController.m in Sources */,
				F1CA90E92035C70100ECEA1E /* QHJSInfo.m in Sources */,
				F1EA0C2320316AD40086BC44 /* TestPayApi.m in Sources */,
				F1CA90F22035CC8E00ECEA1E /* QHJSNaviTitleView.m in Sources */,
				F1CA90E42035C70100ECEA1E /* QHJSBaseModalViewController.m in Sources */,
				F1CA90DF2035C70100ECEA1E /* QHJSPageApi.m in Sources */,
				F1EA0C1B20316AA50086BC44 /* MainViewController.m in Sources */,
				F1CA90E52035C70100ECEA1E /* QHJSDatePickViewController.m in Sources */,
				F1CA90EA2035C70100ECEA1E /* WebViewJavascriptBridgeBase.m in Sources */,
				F1CA90E82035C70100ECEA1E /* QHJSBaseWebLoader.m in Sources */,
			);
			runOnlyForDeploymentPostprocessing = 0;
		};
/* End PBXSourcesBuildPhase section */

/* Begin PBXVariantGroup section */
		F1EA0BDE203168DA0086BC44 /* LaunchScreen.storyboard */ = {
			isa = PBXVariantGroup;
			children = (
				F1EA0BDF203168DA0086BC44 /* Base */,
			);
			name = LaunchScreen.storyboard;
			sourceTree = "<group>";
		};
/* End PBXVariantGroup section */

/* Begin XCBuildConfiguration section */
		F1EA0BE4203168DA0086BC44 /* Debug */ = {
			isa = XCBuildConfiguration;
			buildSettings = {
				ALWAYS_SEARCH_USER_PATHS = NO;
				CLANG_ANALYZER_NONNULL = YES;
				CLANG_ANALYZER_NUMBER_OBJECT_CONVERSION = YES_AGGRESSIVE;
				CLANG_CXX_LANGUAGE_STANDARD = "gnu++14";
				CLANG_CXX_LIBRARY = "libc++";
				CLANG_ENABLE_MODULES = YES;
				CLANG_ENABLE_OBJC_ARC = YES;
				CLANG_WARN_BLOCK_CAPTURE_AUTORELEASING = YES;
				CLANG_WARN_BOOL_CONVERSION = YES;
				CLANG_WARN_COMMA = YES;
				CLANG_WARN_CONSTANT_CONVERSION = YES;
				CLANG_WARN_DIRECT_OBJC_ISA_USAGE = YES_ERROR;
				CLANG_WARN_DOCUMENTATION_COMMENTS = YES;
				CLANG_WARN_EMPTY_BODY = YES;
				CLANG_WARN_ENUM_CONVERSION = YES;
				CLANG_WARN_INFINITE_RECURSION = YES;
				CLANG_WARN_INT_CONVERSION = YES;
				CLANG_WARN_NON_LITERAL_NULL_CONVERSION = YES;
				CLANG_WARN_OBJC_LITERAL_CONVERSION = YES;
				CLANG_WARN_OBJC_ROOT_CLASS = YES_ERROR;
				CLANG_WARN_RANGE_LOOP_ANALYSIS = YES;
				CLANG_WARN_STRICT_PROTOTYPES = YES;
				CLANG_WARN_SUSPICIOUS_MOVE = YES;
				CLANG_WARN_UNGUARDED_AVAILABILITY = YES_AGGRESSIVE;
				CLANG_WARN_UNREACHABLE_CODE = YES;
				CLANG_WARN__DUPLICATE_METHOD_MATCH = YES;
				CODE_SIGN_IDENTITY = "iPhone Developer";
				COPY_PHASE_STRIP = NO;
				DEBUG_INFORMATION_FORMAT = dwarf;
				ENABLE_STRICT_OBJC_MSGSEND = YES;
				ENABLE_TESTABILITY = YES;
				GCC_C_LANGUAGE_STANDARD = gnu11;
				GCC_DYNAMIC_NO_PIC = NO;
				GCC_NO_COMMON_BLOCKS = YES;
				GCC_OPTIMIZATION_LEVEL = 0;
				GCC_PREPROCESSOR_DEFINITIONS = (
					"DEBUG=1",
					"$(inherited)",
				);
				GCC_WARN_64_TO_32_BIT_CONVERSION = YES;
				GCC_WARN_ABOUT_RETURN_TYPE = YES_ERROR;
				GCC_WARN_UNDECLARED_SELECTOR = YES;
				GCC_WARN_UNINITIALIZED_AUTOS = YES_AGGRESSIVE;
				GCC_WARN_UNUSED_FUNCTION = YES;
				GCC_WARN_UNUSED_VARIABLE = YES;
				IPHONEOS_DEPLOYMENT_TARGET = 11.2;
				MTL_ENABLE_DEBUG_INFO = YES;
				ONLY_ACTIVE_ARCH = YES;
				SDKROOT = iphoneos;
			};
			name = Debug;
		};
		F1EA0BE5203168DA0086BC44 /* Release */ = {
			isa = XCBuildConfiguration;
			buildSettings = {
				ALWAYS_SEARCH_USER_PATHS = NO;
				CLANG_ANALYZER_NONNULL = YES;
				CLANG_ANALYZER_NUMBER_OBJECT_CONVERSION = YES_AGGRESSIVE;
				CLANG_CXX_LANGUAGE_STANDARD = "gnu++14";
				CLANG_CXX_LIBRARY = "libc++";
				CLANG_ENABLE_MODULES = YES;
				CLANG_ENABLE_OBJC_ARC = YES;
				CLANG_WARN_BLOCK_CAPTURE_AUTORELEASING = YES;
				CLANG_WARN_BOOL_CONVERSION = YES;
				CLANG_WARN_COMMA = YES;
				CLANG_WARN_CONSTANT_CONVERSION = YES;
				CLANG_WARN_DIRECT_OBJC_ISA_USAGE = YES_ERROR;
				CLANG_WARN_DOCUMENTATION_COMMENTS = YES;
				CLANG_WARN_EMPTY_BODY = YES;
				CLANG_WARN_ENUM_CONVERSION = YES;
				CLANG_WARN_INFINITE_RECURSION = YES;
				CLANG_WARN_INT_CONVERSION = YES;
				CLANG_WARN_NON_LITERAL_NULL_CONVERSION = YES;
				CLANG_WARN_OBJC_LITERAL_CONVERSION = YES;
				CLANG_WARN_OBJC_ROOT_CLASS = YES_ERROR;
				CLANG_WARN_RANGE_LOOP_ANALYSIS = YES;
				CLANG_WARN_STRICT_PROTOTYPES = YES;
				CLANG_WARN_SUSPICIOUS_MOVE = YES;
				CLANG_WARN_UNGUARDED_AVAILABILITY = YES_AGGRESSIVE;
				CLANG_WARN_UNREACHABLE_CODE = YES;
				CLANG_WARN__DUPLICATE_METHOD_MATCH = YES;
				CODE_SIGN_IDENTITY = "iPhone Developer";
				COPY_PHASE_STRIP = NO;
				DEBUG_INFORMATION_FORMAT = "dwarf-with-dsym";
				ENABLE_NS_ASSERTIONS = NO;
				ENABLE_STRICT_OBJC_MSGSEND = YES;
				GCC_C_LANGUAGE_STANDARD = gnu11;
				GCC_NO_COMMON_BLOCKS = YES;
				GCC_WARN_64_TO_32_BIT_CONVERSION = YES;
				GCC_WARN_ABOUT_RETURN_TYPE = YES_ERROR;
				GCC_WARN_UNDECLARED_SELECTOR = YES;
				GCC_WARN_UNINITIALIZED_AUTOS = YES_AGGRESSIVE;
				GCC_WARN_UNUSED_FUNCTION = YES;
				GCC_WARN_UNUSED_VARIABLE = YES;
				IPHONEOS_DEPLOYMENT_TARGET = 11.2;
				MTL_ENABLE_DEBUG_INFO = NO;
				SDKROOT = iphoneos;
				VALIDATE_PRODUCT = YES;
			};
			name = Release;
		};
		F1EA0BE7203168DA0086BC44 /* Debug */ = {
			isa = XCBuildConfiguration;
			baseConfigurationReference = 8FF1BC0799E08ACD8EB1B6F3 /* Pods-QuickHybridDemo.debug.xcconfig */;
			buildSettings = {
				ASSETCATALOG_COMPILER_APPICON_NAME = AppIcon;
				"CODE_SIGN_IDENTITY[sdk=iphoneos*]" = "iPhone Developer";
				CODE_SIGN_STYLE = Automatic;
				DEVELOPMENT_TEAM = "";
				GCC_PRECOMPILE_PREFIX_HEADER = YES;
				GCC_PREFIX_HEADER = QuickHybridDemo/QuickHybridDemo.pch;
				INFOPLIST_FILE = QuickHybridDemo/Info.plist;
				IPHONEOS_DEPLOYMENT_TARGET = 8.0;
				LD_RUNPATH_SEARCH_PATHS = "$(inherited) @executable_path/Frameworks";
				PRODUCT_BUNDLE_IDENTIFIER = com.guanhao.quickhybrid.QuickHybridDemo;
				PRODUCT_NAME = "$(TARGET_NAME)";
				PROVISIONING_PROFILE_SPECIFIER = "";
				TARGETED_DEVICE_FAMILY = "1,2";
			};
			name = Debug;
		};
		F1EA0BE8203168DA0086BC44 /* Release */ = {
			isa = XCBuildConfiguration;
			baseConfigurationReference = 566611FD103C8EE828F9BCC8 /* Pods-QuickHybridDemo.release.xcconfig */;
			buildSettings = {
				ASSETCATALOG_COMPILER_APPICON_NAME = AppIcon;
				"CODE_SIGN_IDENTITY[sdk=iphoneos*]" = "iPhone Developer";
				CODE_SIGN_STYLE = Automatic;
				DEVELOPMENT_TEAM = "";
				GCC_PRECOMPILE_PREFIX_HEADER = YES;
				GCC_PREFIX_HEADER = QuickHybridDemo/QuickHybridDemo.pch;
				INFOPLIST_FILE = QuickHybridDemo/Info.plist;
				IPHONEOS_DEPLOYMENT_TARGET = 8.0;
				LD_RUNPATH_SEARCH_PATHS = "$(inherited) @executable_path/Frameworks";
				PRODUCT_BUNDLE_IDENTIFIER = com.guanhao.quickhybrid.QuickHybridDemo;
				PRODUCT_NAME = "$(TARGET_NAME)";
				PROVISIONING_PROFILE_SPECIFIER = "";
				TARGETED_DEVICE_FAMILY = "1,2";
			};
			name = Release;
		};
/* End XCBuildConfiguration section */

/* Begin XCConfigurationList section */
		F1EA0BCB203168DA0086BC44 /* Build configuration list for PBXProject "QuickHybridDemo" */ = {
			isa = XCConfigurationList;
			buildConfigurations = (
				F1EA0BE4203168DA0086BC44 /* Debug */,
				F1EA0BE5203168DA0086BC44 /* Release */,
			);
			defaultConfigurationIsVisible = 0;
			defaultConfigurationName = Release;
		};
		F1EA0BE6203168DA0086BC44 /* Build configuration list for PBXNativeTarget "QuickHybridDemo" */ = {
			isa = XCConfigurationList;
			buildConfigurations = (
				F1EA0BE7203168DA0086BC44 /* Debug */,
				F1EA0BE8203168DA0086BC44 /* Release */,
			);
			defaultConfigurationIsVisible = 0;
			defaultConfigurationName = Release;
		};
/* End XCConfigurationList section */
	};
	rootObject = F1EA0BC8203168DA0086BC44 /* Project object */;
}
