PODS:
  - Shimmer (1.0.2)
  - WSProgressHUD (1.1.3):
    - Shimmer

DEPENDENCIES:
  - WSProgressHUD (= 1.1.3)

SPEC CHECKSUMS:
  Shimmer: c5374be1c2b0c9e292fb05b339a513cf291cac86
  WSProgressHUD: a0902809c8af112fb34b004fdc75c16eb85167a3

PODFILE CHECKSUM: 1982d77b650c1e3553d5ebb02a782c5a7c6c536a

COCOAPODS: 1.4.0.rc.1
